
Microsoft Visual Studio Solution File, Format Version 12.00
# Visual Studio Version 16
VisualStudioVersion = 16.0.31624.102
MinimumVisualStudioVersion = 10.0.40219.1
Project("{FAE04EC0-301F-11D3-BF4B-00C04F79EFBC}") = "Culbertson_RectangleApp", "Culbertson_RectangleApp\Culbertson_RectangleApp.csproj", "{22895119-F75F-47C7-817D-8DF083E56662}"
EndProject
Project("{FAE04EC0-301F-11D3-BF4B-00C04F79EFBC}") = "RectangleExample", "..\RectangleExample\RectangleExample\RectangleExample.csproj", "{A18A6193-9E20-4A36-A903-77BF6142444C}"
EndProject
Global
	GlobalSection(SolutionConfigurationPlatforms) = preSolution
		Debug|Any CPU = Debug|Any CPU
		Release|Any CPU = Release|Any CPU
	EndGlobalSection
	GlobalSection(ProjectConfigurationPlatforms) = postSolution
		{22895119-F75F-47C7-817D-8DF083E56662}.Debug|Any CPU.ActiveCfg = Debug|Any CPU
		{22895119-F75F-47C7-817D-8DF083E56662}.Debug|Any CPU.Build.0 = Debug|Any CPU
		{22895119-F75F-47C7-817D-8DF083E56662}.Release|Any CPU.ActiveCfg = Release|Any CPU
		{22895119-F75F-47C7-817D-8DF083E56662}.Release|Any CPU.Build.0 = Release|Any CPU
		{A18A6193-9E20-4A36-A903-77BF6142444C}.Debug|Any CPU.ActiveCfg = Debug|Any CPU
		{A18A6193-9E20-4A36-A903-77BF6142444C}.Debug|Any CPU.Build.0 = Debug|Any CPU
		{A18A6193-9E20-4A36-A903-77BF6142444C}.Release|Any CPU.ActiveCfg = Release|Any CPU
		{A18A6193-9E20-4A36-A903-77BF6142444C}.Release|Any CPU.Build.0 = Release|Any CPU
	EndGlobalSection
	GlobalSection(SolutionProperties) = preSolution
		HideSolutionNode = FALSE
	EndGlobalSection
	GlobalSection(ExtensibilityGlobals) = postSolution
		SolutionGuid = {61669AFF-70F8-4B01-844B-E39F527CD73C}
	EndGlobalSection
EndGlobal
