
Microsoft Visual Studio Solution File, Format Version 12.00
# Visual Studio Version 16
VisualStudioVersion = 16.0.31624.102
MinimumVisualStudioVersion = 10.0.40219.1
Project("{FAE04EC0-301F-11D3-BF4B-00C04F79EFBC}") = "Culbertson_ElectionProgram", "Culbertson_ElectionProgram\Culbertson_ElectionProgram.csproj", "{05B3178C-6A3D-4BF6-8095-DD91B41A69A8}"
EndProject
Global
	GlobalSection(SolutionConfigurationPlatforms) = preSolution
		Debug|Any CPU = Debug|Any CPU
		Release|Any CPU = Release|Any CPU
	EndGlobalSection
	GlobalSection(ProjectConfigurationPlatforms) = postSolution
		{05B3178C-6A3D-4BF6-8095-DD91B41A69A8}.Debug|Any CPU.ActiveCfg = Debug|Any CPU
		{05B3178C-6A3D-4BF6-8095-DD91B41A69A8}.Debug|Any CPU.Build.0 = Debug|Any CPU
		{05B3178C-6A3D-4BF6-8095-DD91B41A69A8}.Release|Any CPU.ActiveCfg = Release|Any CPU
		{05B3178C-6A3D-4BF6-8095-DD91B41A69A8}.Release|Any CPU.Build.0 = Release|Any CPU
	EndGlobalSection
	GlobalSection(SolutionProperties) = preSolution
		HideSolutionNode = FALSE
	EndGlobalSection
	GlobalSection(ExtensibilityGlobals) = postSolution
		SolutionGuid = {22CBA183-FCE3-472A-9B77-D42AB6DC13F0}
	EndGlobalSection
EndGlobal
