
Microsoft Visual Studio Solution File, Format Version 12.00
# Visual Studio Version 16
VisualStudioVersion = 16.0.31624.102
MinimumVisualStudioVersion = 10.0.40219.1
Project("{FAE04EC0-301F-11D3-BF4B-00C04F79EFBC}") = "Culbertson_StudentApp", "Culbertson_StudentApp\Culbertson_StudentApp.csproj", "{2FEABE80-79A0-47D3-BF57-C84D857A6A76}"
EndProject
Global
	GlobalSection(SolutionConfigurationPlatforms) = preSolution
		Debug|Any CPU = Debug|Any CPU
		Release|Any CPU = Release|Any CPU
	EndGlobalSection
	GlobalSection(ProjectConfigurationPlatforms) = postSolution
		{2FEABE80-79A0-47D3-BF57-C84D857A6A76}.Debug|Any CPU.ActiveCfg = Debug|Any CPU
		{2FEABE80-79A0-47D3-BF57-C84D857A6A76}.Debug|Any CPU.Build.0 = Debug|Any CPU
		{2FEABE80-79A0-47D3-BF57-C84D857A6A76}.Release|Any CPU.ActiveCfg = Release|Any CPU
		{2FEABE80-79A0-47D3-BF57-C84D857A6A76}.Release|Any CPU.Build.0 = Release|Any CPU
	EndGlobalSection
	GlobalSection(SolutionProperties) = preSolution
		HideSolutionNode = FALSE
	EndGlobalSection
	GlobalSection(ExtensibilityGlobals) = postSolution
		SolutionGuid = {C4454B95-B58D-4967-B717-63851522055E}
	EndGlobalSection
EndGlobal
