
Microsoft Visual Studio Solution File, Format Version 12.00
# Visual Studio Version 16
VisualStudioVersion = 16.0.31624.102
MinimumVisualStudioVersion = 10.0.40219.1
Project("{FAE04EC0-301F-11D3-BF4B-00C04F79EFBC}") = "ITravellerNameSpace", "ITravellerNameSpace\ITravellerNameSpace.csproj", "{4EF885A8-81AC-47BB-962C-151D562DB2DC}"
EndProject
Global
	GlobalSection(SolutionConfigurationPlatforms) = preSolution
		Debug|Any CPU = Debug|Any CPU
		Release|Any CPU = Release|Any CPU
	EndGlobalSection
	GlobalSection(ProjectConfigurationPlatforms) = postSolution
		{4EF885A8-81AC-47BB-962C-151D562DB2DC}.Debug|Any CPU.ActiveCfg = Debug|Any CPU
		{4EF885A8-81AC-47BB-962C-151D562DB2DC}.Debug|Any CPU.Build.0 = Debug|Any CPU
		{4EF885A8-81AC-47BB-962C-151D562DB2DC}.Release|Any CPU.ActiveCfg = Release|Any CPU
		{4EF885A8-81AC-47BB-962C-151D562DB2DC}.Release|Any CPU.Build.0 = Release|Any CPU
	EndGlobalSection
	GlobalSection(SolutionProperties) = preSolution
		HideSolutionNode = FALSE
	EndGlobalSection
	GlobalSection(ExtensibilityGlobals) = postSolution
		SolutionGuid = {E76902C2-8808-43A6-AD0E-F97D473FCA63}
	EndGlobalSection
EndGlobal
