
Microsoft Visual Studio Solution File, Format Version 12.00
# Visual Studio Version 16
VisualStudioVersion = 16.0.31624.102
MinimumVisualStudioVersion = 10.0.40219.1
Project("{FAE04EC0-301F-11D3-BF4B-00C04F79EFBC}") = "Culbertson_FarmerApp", "Culbertson_FarmerApp\Culbertson_FarmerApp.csproj", "{225B011F-02DF-4B60-89CC-35B7F80AA47B}"
EndProject
Global
	GlobalSection(SolutionConfigurationPlatforms) = preSolution
		Debug|Any CPU = Debug|Any CPU
		Release|Any CPU = Release|Any CPU
	EndGlobalSection
	GlobalSection(ProjectConfigurationPlatforms) = postSolution
		{225B011F-02DF-4B60-89CC-35B7F80AA47B}.Debug|Any CPU.ActiveCfg = Debug|Any CPU
		{225B011F-02DF-4B60-89CC-35B7F80AA47B}.Debug|Any CPU.Build.0 = Debug|Any CPU
		{225B011F-02DF-4B60-89CC-35B7F80AA47B}.Release|Any CPU.ActiveCfg = Release|Any CPU
		{225B011F-02DF-4B60-89CC-35B7F80AA47B}.Release|Any CPU.Build.0 = Release|Any CPU
	EndGlobalSection
	GlobalSection(SolutionProperties) = preSolution
		HideSolutionNode = FALSE
	EndGlobalSection
	GlobalSection(ExtensibilityGlobals) = postSolution
		SolutionGuid = {6542F3C3-0CA0-4EA1-AE92-C1A61D95F871}
	EndGlobalSection
EndGlobal
